
Microsoft Visual Studio Solution File, Format Version 12.00
# Visual Studio Version 16
VisualStudioVersion = 16.0.30907.101
MinimumVisualStudioVersion = 10.0.40219.1
Project("{FAE04EC0-301F-11D3-BF4B-00C04F79EFBC}") = "JRsFirstASPNETWebApp", "JRsFirstASPNETWebApp.csproj", "{C821C991-8D1F-4FB2-AD09-85261535542F}"
EndProject
Global
	GlobalSection(SolutionConfigurationPlatforms) = preSolution
		Debug|Any CPU = Debug|Any CPU
		Release|Any CPU = Release|Any CPU
	EndGlobalSection
	GlobalSection(ProjectConfigurationPlatforms) = postSolution
		{C821C991-8D1F-4FB2-AD09-85261535542F}.Debug|Any CPU.ActiveCfg = Debug|Any CPU
		{C821C991-8D1F-4FB2-AD09-85261535542F}.Debug|Any CPU.Build.0 = Debug|Any CPU
		{C821C991-8D1F-4FB2-AD09-85261535542F}.Release|Any CPU.ActiveCfg = Release|Any CPU
		{C821C991-8D1F-4FB2-AD09-85261535542F}.Release|Any CPU.Build.0 = Release|Any CPU
	EndGlobalSection
	GlobalSection(SolutionProperties) = preSolution
		HideSolutionNode = FALSE
	EndGlobalSection
	GlobalSection(ExtensibilityGlobals) = postSolution
		SolutionGuid = {C5043898-2AD1-4A24-BD3B-3BB17C0C8E49}
	EndGlobalSection
EndGlobal
